
Microsoft Visual Studio Solution File, Format Version 12.00
# Visual Studio Version 17
VisualStudioVersion = 17.4.33403.182
MinimumVisualStudioVersion = 10.0.40219.1
Project("{9A19103F-16F7-4668-BE54-9A1E7A4F7556}") = "ReportGoogleBank", "ReportGoogleBank.csproj", "{286A9CA5-B87F-406C-B3BB-FEB8C5235315}"
EndProject
Global
	GlobalSection(SolutionConfigurationPlatforms) = preSolution
		Debug|Any CPU = Debug|Any CPU
		Release|Any CPU = Release|Any CPU
	EndGlobalSection
	GlobalSection(ProjectConfigurationPlatforms) = postSolution
		{286A9CA5-B87F-406C-B3BB-FEB8C5235315}.Debug|Any CPU.ActiveCfg = Debug|Any CPU
		{286A9CA5-B87F-406C-B3BB-FEB8C5235315}.Debug|Any CPU.Build.0 = Debug|Any CPU
		{286A9CA5-B87F-406C-B3BB-FEB8C5235315}.Release|Any CPU.ActiveCfg = Release|Any CPU
		{286A9CA5-B87F-406C-B3BB-FEB8C5235315}.Release|Any CPU.Build.0 = Release|Any CPU
	EndGlobalSection
	GlobalSection(SolutionProperties) = preSolution
		HideSolutionNode = FALSE
	EndGlobalSection
	GlobalSection(ExtensibilityGlobals) = postSolution
		SolutionGuid = {C91F12C4-648E-4F62-8B68-FF512934458D}
	EndGlobalSection
EndGlobal
